// !$*UTF8*$!
{
	archiveVersion = 1;
	classes = {
	};
	objectVersion = 52;
	objects = {

/* Begin PBXBuildFile section */
		0A0F7690AC51BC77E9793F1B23A6B228 /* DetailMode.swift in Sources */ = {isa = PBXBuildFile; fileRef = 4A6201A71E0894C0B1AB53CA8D43539F /* DetailMode.swift */; };
		2E5171C21EFAA76463F7149B2BB75DEC /* README_CN.md in Resources */ = {isa = PBXBuildFile; fileRef = 7AA331021A9A32BDF804E477A2DE02DA /* README_CN.md */; };
		33CDFC27ACD4BC44840A03E3BCCC65F0 /* Aquarius.xcdatamodeld in Sources */ = {isa = PBXBuildFile; fileRef = 02FA363A9E65F76535E065C4CCB348E6 /* Aquarius.xcdatamodeld */; };
		39962FCF98FA7BC30152C2675FEFB72F /* Podfile.lock in Resources */ = {isa = PBXBuildFile; fileRef = D3420D56B2C3E7069F443FACECDA5CFC /* Podfile.lock */; };
		4157C7731C58A6DBEC6E297BABD16916 /* Localizable.strings in Resources */ = {isa = PBXBuildFile; fileRef = 1BDD59FE72D025A9A8BF7AD38A49E966 /* Localizable.strings */; };
		46B4872964F3C2FAD610231489467006 /* PodfileLock.swift in Sources */ = {isa = PBXBuildFile; fileRef = BAD7D930854906F524A62EA108D0511C /* PodfileLock.swift */; };
		487B7FFEEA1FFE8ED27DBEFB3DD0770E /* ContentView.swift in Sources */ = {isa = PBXBuildFile; fileRef = 56BB9BB4E09AE79EADFB516F72675D3D /* ContentView.swift */; };
		504F3B0CAEE38CE5FCE068E780833F3A /* Pod.swift in Sources */ = {isa = PBXBuildFile; fileRef = FBF73CFFC898849D2AEF6C72EAE48EC7 /* Pod.swift */; };
		56AB7DDB9A897AF0BF5AA17C216A63A0 /* SignleDataTreeView.swift in Sources */ = {isa = PBXBuildFile; fileRef = 57BED1A50DF5A9A7D195536250644406 /* SignleDataTreeView.swift */; };
		56FEAE54F56086581F732068BEB0EFB0 /* SearchBar.swift in Sources */ = {isa = PBXBuildFile; fileRef = CF416BC8022BE2CE5878457F08520C29 /* SearchBar.swift */; };
		57FF59E520D2F91CC1A1EA4B8A9FD7C9 /* ActivityIndicator.swift in Sources */ = {isa = PBXBuildFile; fileRef = 700385A8E0970D47AE9D37D27571919B /* ActivityIndicator.swift */; };
		5BC68D3D806C8809408939B8E14E5282 /* TreeControl.swift in Sources */ = {isa = PBXBuildFile; fileRef = 8C443286EBA67C64BE7F9DB05CFEB5E7 /* TreeControl.swift */; };
		5DEC76215533E29B44EBC36094BF030C /* DataReader.swift in Sources */ = {isa = PBXBuildFile; fileRef = B3AED5E016CBD591C71066F0CB8E099F /* DataReader.swift */; };
		63CAEE972687912D00B591FC /* Yams in Frameworks */ = {isa = PBXBuildFile; productRef = 63CAEE962687912D00B591FC /* Yams */; };
		63CAEE99268792D000B591FC /* Settings.swift in Sources */ = {isa = PBXBuildFile; fileRef = 63CAEE98268792D000B591FC /* Settings.swift */; };
		63CAEE9B26879AD200B591FC /* Lock+.swift in Sources */ = {isa = PBXBuildFile; fileRef = 63CAEE9A26879AD200B591FC /* Lock+.swift */; };
		7BE5BDE8F0081678CA584DCD5494EACE /* TreeContent.swift in Sources */ = {isa = PBXBuildFile; fileRef = AFE3FC11CB33C12DDDBB4EF22D30AEF5 /* TreeContent.swift */; };
		9240FA031878B34789D7F3D60C6B29D4 /* SpecRepo.swift in Sources */ = {isa = PBXBuildFile; fileRef = CC3F9808853E1A10A3ECA758DD0EEEE2 /* SpecRepo.swift */; };
		A07C42832854033533B8C1F03355AE41 /* GlobalState.swift in Sources */ = {isa = PBXBuildFile; fileRef = FFE045068413BF0D9C946CB8332B4A37 /* GlobalState.swift */; };
		A0A4801B4905C485302DFE8CB9CCD9E3 /* PodfileLockFile.swift in Sources */ = {isa = PBXBuildFile; fileRef = 5D76A75D3FBDFB1082AAB2211D7C684F /* PodfileLockFile.swift */; };
		AC23EF05D5D5AF0384D9C8B8A90AFC82 /* Preview Assets.xcassets in Resources */ = {isa = PBXBuildFile; fileRef = CAD41DF167E77D9689639F8B6A4F2CE9 /* Preview Assets.xcassets */; };
		B269E18FC95069954A5531B323BA5AA1 /* Persistence.swift in Sources */ = {isa = PBXBuildFile; fileRef = 062216981A86012A027DAC2B7BD9A230 /* Persistence.swift */; };
		BC1432A2F5B750724277FEA55A7584FE /* InfoPlist.strings in Resources */ = {isa = PBXBuildFile; fileRef = 8B2091AB78F75C814B023B37F630A96B /* InfoPlist.strings */; };
		C9451A1E3596AFCFCDA0367772B6D809 /* TreeNode.swift in Sources */ = {isa = PBXBuildFile; fileRef = FD99C6956BBEB6BBD0C350A3B2BC5C5E /* TreeNode.swift */; };
		CCEB7621F1C69343F428A1A24A84920E /* README.md in Resources */ = {isa = PBXBuildFile; fileRef = ADC4E0C6A08C31952BCCB4B16DAD0643 /* README.md */; };
		D26B6DBD95EDDC523104E744D6D99971 /* TreeData.swift in Sources */ = {isa = PBXBuildFile; fileRef = 4BDBAF2890DC910919BAE7FE1A78D99E /* TreeData.swift */; };
		DAA5B90916B09DE920A0A86F4D7A2038 /* AquariusApp.swift in Sources */ = {isa = PBXBuildFile; fileRef = EB86065323AB7154B436356B19CECFB0 /* AquariusApp.swift */; };
		DB252DFFDE947E64DD6A17C0908D761E /* Pasteboard.swift in Sources */ = {isa = PBXBuildFile; fileRef = 046D41BE365CC74359430B03A6C36E4A /* Pasteboard.swift */; };
		ED58AADC737AEC8D050204ED3C92F574 /* Assets.xcassets in Resources */ = {isa = PBXBuildFile; fileRef = DE2F0CE822A9E69431ADCBA4923E4BCE /* Assets.xcassets */; };
		F23B1952203382974FD321CEB8223D5D /* Details.swift in Sources */ = {isa = PBXBuildFile; fileRef = 76B5BFD9BFDE193F60E5F0F787A55CB5 /* Details.swift */; };
		FB789A5733C629F01F04500ABCCAF139 /* BookmarkTool.swift in Sources */ = {isa = PBXBuildFile; fileRef = FE53FFAF4BA15A1F0516F1A4C05841EE /* BookmarkTool.swift */; };
/* End PBXBuildFile section */

/* Begin PBXFileReference section */
		046D41BE365CC74359430B03A6C36E4A /* Pasteboard.swift */ = {isa = PBXFileReference; fileEncoding = 4; lastKnownFileType = sourcecode.swift; path = Pasteboard.swift; sourceTree = "<group>"; };
		062216981A86012A027DAC2B7BD9A230 /* Persistence.swift */ = {isa = PBXFileReference; lastKnownFileType = sourcecode.swift; path = Persistence.swift; sourceTree = "<group>"; };
		1DC0806032C8DA738AB6244B36925B6B /* zh-Hans */ = {isa = PBXFileReference; lastKnownFileType = text.plist.strings; name = "zh-Hans"; path = "zh-Hans.lproj/Localizable.strings"; sourceTree = "<group>"; };
		215DC8C15AD85BA1AA52C0266C2EC2CD /* en */ = {isa = PBXFileReference; lastKnownFileType = text.plist.strings; name = en; path = en.lproj/Localizable.strings; sourceTree = "<group>"; };
		4A6201A71E0894C0B1AB53CA8D43539F /* DetailMode.swift */ = {isa = PBXFileReference; fileEncoding = 4; lastKnownFileType = sourcecode.swift; path = DetailMode.swift; sourceTree = "<group>"; };
		4BDBAF2890DC910919BAE7FE1A78D99E /* TreeData.swift */ = {isa = PBXFileReference; fileEncoding = 4; lastKnownFileType = sourcecode.swift; path = TreeData.swift; sourceTree = "<group>"; };
		4C219A956759AA52DDD3B65C58D3C2D8 /* Aquarius.entitlements */ = {isa = PBXFileReference; lastKnownFileType = text.plist.entitlements; path = Aquarius.entitlements; sourceTree = "<group>"; };
		56BB9BB4E09AE79EADFB516F72675D3D /* ContentView.swift */ = {isa = PBXFileReference; lastKnownFileType = sourcecode.swift; path = ContentView.swift; sourceTree = "<group>"; };
		57BED1A50DF5A9A7D195536250644406 /* SignleDataTreeView.swift */ = {isa = PBXFileReference; fileEncoding = 4; lastKnownFileType = sourcecode.swift; path = SignleDataTreeView.swift; sourceTree = "<group>"; };
		5D76A75D3FBDFB1082AAB2211D7C684F /* PodfileLockFile.swift */ = {isa = PBXFileReference; fileEncoding = 4; lastKnownFileType = sourcecode.swift; path = PodfileLockFile.swift; sourceTree = "<group>"; };
		63CAEE98268792D000B591FC /* Settings.swift */ = {isa = PBXFileReference; lastKnownFileType = sourcecode.swift; path = Settings.swift; sourceTree = "<group>"; };
		63CAEE9A26879AD200B591FC /* Lock+.swift */ = {isa = PBXFileReference; lastKnownFileType = sourcecode.swift; path = "Lock+.swift"; sourceTree = "<group>"; };
		6B8F5A52192C95321FB019A5F85A046A /* Info.plist */ = {isa = PBXFileReference; lastKnownFileType = text.plist.xml; path = Info.plist; sourceTree = "<group>"; };
		700385A8E0970D47AE9D37D27571919B /* ActivityIndicator.swift */ = {isa = PBXFileReference; fileEncoding = 4; lastKnownFileType = sourcecode.swift; path = ActivityIndicator.swift; sourceTree = "<group>"; };
		76B5BFD9BFDE193F60E5F0F787A55CB5 /* Details.swift */ = {isa = PBXFileReference; fileEncoding = 4; lastKnownFileType = sourcecode.swift; path = Details.swift; sourceTree = "<group>"; };
		76FDD4A88025B24028ED287D3FEEB6C6 /* Aquarius.app */ = {isa = PBXFileReference; explicitFileType = wrapper.application; includeInIndex = 0; path = Aquarius.app; sourceTree = BUILT_PRODUCTS_DIR; };
		7AA331021A9A32BDF804E477A2DE02DA /* README_CN.md */ = {isa = PBXFileReference; fileEncoding = 4; lastKnownFileType = net.daringfireball.markdown; path = README_CN.md; sourceTree = "<group>"; };
		7D0624704A59CF188D297C16EB6E9EA6 /* Aquarius.xcdatamodel */ = {isa = PBXFileReference; lastKnownFileType = wrapper.xcdatamodel; path = Aquarius.xcdatamodel; sourceTree = "<group>"; };
		8C443286EBA67C64BE7F9DB05CFEB5E7 /* TreeControl.swift */ = {isa = PBXFileReference; fileEncoding = 4; lastKnownFileType = sourcecode.swift; path = TreeControl.swift; sourceTree = "<group>"; };
		ADC4E0C6A08C31952BCCB4B16DAD0643 /* README.md */ = {isa = PBXFileReference; fileEncoding = 4; lastKnownFileType = net.daringfireball.markdown; path = README.md; sourceTree = "<group>"; };
		AE38D383545BEC5B26368AC0DECC9018 /* en */ = {isa = PBXFileReference; lastKnownFileType = text.plist.strings; name = en; path = en.lproj/InfoPlist.strings; sourceTree = "<group>"; };
		AFE3FC11CB33C12DDDBB4EF22D30AEF5 /* TreeContent.swift */ = {isa = PBXFileReference; fileEncoding = 4; lastKnownFileType = sourcecode.swift; path = TreeContent.swift; sourceTree = "<group>"; };
		B3AED5E016CBD591C71066F0CB8E099F /* DataReader.swift */ = {isa = PBXFileReference; fileEncoding = 4; lastKnownFileType = sourcecode.swift; path = DataReader.swift; sourceTree = "<group>"; };
		BAD7D930854906F524A62EA108D0511C /* PodfileLock.swift */ = {isa = PBXFileReference; fileEncoding = 4; lastKnownFileType = sourcecode.swift; path = PodfileLock.swift; sourceTree = "<group>"; };
		CAD41DF167E77D9689639F8B6A4F2CE9 /* Preview Assets.xcassets */ = {isa = PBXFileReference; lastKnownFileType = folder.assetcatalog; path = "Preview Assets.xcassets"; sourceTree = "<group>"; };
		CC3F9808853E1A10A3ECA758DD0EEEE2 /* SpecRepo.swift */ = {isa = PBXFileReference; fileEncoding = 4; lastKnownFileType = sourcecode.swift; path = SpecRepo.swift; sourceTree = "<group>"; };
		CF416BC8022BE2CE5878457F08520C29 /* SearchBar.swift */ = {isa = PBXFileReference; fileEncoding = 4; lastKnownFileType = sourcecode.swift; path = SearchBar.swift; sourceTree = "<group>"; };
		D3420D56B2C3E7069F443FACECDA5CFC /* Podfile.lock */ = {isa = PBXFileReference; fileEncoding = 4; lastKnownFileType = text; path = Podfile.lock; sourceTree = "<group>"; };
		DE2F0CE822A9E69431ADCBA4923E4BCE /* Assets.xcassets */ = {isa = PBXFileReference; lastKnownFileType = folder.assetcatalog; path = Assets.xcassets; sourceTree = "<group>"; };
		EB86065323AB7154B436356B19CECFB0 /* AquariusApp.swift */ = {isa = PBXFileReference; lastKnownFileType = sourcecode.swift; path = AquariusApp.swift; sourceTree = "<group>"; };
		FAD0A3AD11C59A16287704459E15F084 /* zh-Hans */ = {isa = PBXFileReference; lastKnownFileType = text.plist.strings; name = "zh-Hans"; path = "zh-Hans.lproj/InfoPlist.strings"; sourceTree = "<group>"; };
		FBF73CFFC898849D2AEF6C72EAE48EC7 /* Pod.swift */ = {isa = PBXFileReference; fileEncoding = 4; lastKnownFileType = sourcecode.swift; path = Pod.swift; sourceTree = "<group>"; };
		FD99C6956BBEB6BBD0C350A3B2BC5C5E /* TreeNode.swift */ = {isa = PBXFileReference; fileEncoding = 4; lastKnownFileType = sourcecode.swift; path = TreeNode.swift; sourceTree = "<group>"; };
		FE53FFAF4BA15A1F0516F1A4C05841EE /* BookmarkTool.swift */ = {isa = PBXFileReference; fileEncoding = 4; lastKnownFileType = sourcecode.swift; path = BookmarkTool.swift; sourceTree = "<group>"; };
		FFE045068413BF0D9C946CB8332B4A37 /* GlobalState.swift */ = {isa = PBXFileReference; fileEncoding = 4; lastKnownFileType = sourcecode.swift; path = GlobalState.swift; sourceTree = "<group>"; };
/* End PBXFileReference section */

/* Begin PBXFrameworksBuildPhase section */
		05579C2D81A3587A6E45A6392E3F22F2 /* Frameworks */ = {
			isa = PBXFrameworksBuildPhase;
			buildActionMask = 2147483647;
			files = (
				63CAEE972687912D00B591FC /* Yams in Frameworks */,
			);
			runOnlyForDeploymentPostprocessing = 0;
		};
/* End PBXFrameworksBuildPhase section */

/* Begin PBXGroup section */
		0833A089F5391066BCDB9B9DCA323E0D /* Preview Content */ = {
			isa = PBXGroup;
			children = (
				CAD41DF167E77D9689639F8B6A4F2CE9 /* Preview Assets.xcassets */,
			);
			path = "Preview Content";
			sourceTree = "<group>";
		};
		16744D63F7E16E203AAF3279BAD7522E /* Products */ = {
			isa = PBXGroup;
			children = (
				76FDD4A88025B24028ED287D3FEEB6C6 /* Aquarius.app */,
			);
			name = Products;
			sourceTree = "<group>";
		};
		1B2B512663567F7EF67B3E9316DD76DF /* MetaData */ = {
			isa = PBXGroup;
			children = (
				B3AED5E016CBD591C71066F0CB8E099F /* DataReader.swift */,
				76B5BFD9BFDE193F60E5F0F787A55CB5 /* Details.swift */,
				FBF73CFFC898849D2AEF6C72EAE48EC7 /* Pod.swift */,
				BAD7D930854906F524A62EA108D0511C /* PodfileLock.swift */,
				5D76A75D3FBDFB1082AAB2211D7C684F /* PodfileLockFile.swift */,
				CC3F9808853E1A10A3ECA758DD0EEEE2 /* SpecRepo.swift */,
			);
			path = MetaData;
			sourceTree = "<group>";
		};
		64FA1B486146871F0E1B12C6BDAF0396 = {
			isa = PBXGroup;
			children = (
				E18DA77457EA32EE7730B2B8DB63632D /* Aquarius */,
				16744D63F7E16E203AAF3279BAD7522E /* Products */,
				ADC4E0C6A08C31952BCCB4B16DAD0643 /* README.md */,
				7AA331021A9A32BDF804E477A2DE02DA /* README_CN.md */,
			);
			sourceTree = "<group>";
		};
		67B67501587DC2F3D262FC24EA1D07C8 /* TestData */ = {
			isa = PBXGroup;
			children = (
				D3420D56B2C3E7069F443FACECDA5CFC /* Podfile.lock */,
			);
			path = TestData;
			sourceTree = "<group>";
		};
		76C4B362227EC413935D92E4743A2F33 /* Resources */ = {
			isa = PBXGroup;
			children = (
				DE2F0CE822A9E69431ADCBA4923E4BCE /* Assets.xcassets */,
				8B2091AB78F75C814B023B37F630A96B /* InfoPlist.strings */,
				1BDD59FE72D025A9A8BF7AD38A49E966 /* Localizable.strings */,
			);
			path = Resources;
			sourceTree = "<group>";
		};
		A5862EA6E9B5D3BE840F157A33C2590E /* Tool */ = {
			isa = PBXGroup;
			children = (
				FE53FFAF4BA15A1F0516F1A4C05841EE /* BookmarkTool.swift */,
				046D41BE365CC74359430B03A6C36E4A /* Pasteboard.swift */,
			);
			path = Tool;
			sourceTree = "<group>";
		};
		BD6360C600918A90779721494C9DB67E /* CoreData */ = {
			isa = PBXGroup;
			children = (
				4C219A956759AA52DDD3B65C58D3C2D8 /* Aquarius.entitlements */,
				02FA363A9E65F76535E065C4CCB348E6 /* Aquarius.xcdatamodeld */,
				062216981A86012A027DAC2B7BD9A230 /* Persistence.swift */,
				63CAEE9A26879AD200B591FC /* Lock+.swift */,
			);
			path = CoreData;
			sourceTree = "<group>";
		};
		D2EF5C8144ECF2B319AF3C5A01705FFD /* Tree */ = {
			isa = PBXGroup;
			children = (
				4A6201A71E0894C0B1AB53CA8D43539F /* DetailMode.swift */,
				AFE3FC11CB33C12DDDBB4EF22D30AEF5 /* TreeContent.swift */,
				8C443286EBA67C64BE7F9DB05CFEB5E7 /* TreeControl.swift */,
				4BDBAF2890DC910919BAE7FE1A78D99E /* TreeData.swift */,
				FD99C6956BBEB6BBD0C350A3B2BC5C5E /* TreeNode.swift */,
				57BED1A50DF5A9A7D195536250644406 /* SignleDataTreeView.swift */,
			);
			path = Tree;
			sourceTree = "<group>";
		};
		D8639A94B002133DDADBA31722EDDC34 /* Views */ = {
			isa = PBXGroup;
			children = (
				700385A8E0970D47AE9D37D27571919B /* ActivityIndicator.swift */,
				CF416BC8022BE2CE5878457F08520C29 /* SearchBar.swift */,
				63CAEE98268792D000B591FC /* Settings.swift */,
			);
			path = Views;
			sourceTree = "<group>";
		};
		E18DA77457EA32EE7730B2B8DB63632D /* Aquarius */ = {
			isa = PBXGroup;
			children = (
				FBFF8C04850F007D8DA9597F02B0B33A /* DataAndConfig */,
				1B2B512663567F7EF67B3E9316DD76DF /* MetaData */,
				0833A089F5391066BCDB9B9DCA323E0D /* Preview Content */,
				76C4B362227EC413935D92E4743A2F33 /* Resources */,
				67B67501587DC2F3D262FC24EA1D07C8 /* TestData */,
				A5862EA6E9B5D3BE840F157A33C2590E /* Tool */,
				D2EF5C8144ECF2B319AF3C5A01705FFD /* Tree */,
				D8639A94B002133DDADBA31722EDDC34 /* Views */,
				EB86065323AB7154B436356B19CECFB0 /* AquariusApp.swift */,
				56BB9BB4E09AE79EADFB516F72675D3D /* ContentView.swift */,
				6B8F5A52192C95321FB019A5F85A046A /* Info.plist */,
			);
			path = Aquarius;
			sourceTree = "<group>";
		};
		FBFF8C04850F007D8DA9597F02B0B33A /* DataAndConfig */ = {
			isa = PBXGroup;
			children = (
				BD6360C600918A90779721494C9DB67E /* CoreData */,
				FFE045068413BF0D9C946CB8332B4A37 /* GlobalState.swift */,
			);
			path = DataAndConfig;
			sourceTree = "<group>";
		};
/* End PBXGroup section */

/* Begin PBXNativeTarget section */
		164AB9769D8B58F1CABB8AEF460795A4 /* Aquarius */ = {
			isa = PBXNativeTarget;
			buildConfigurationList = 25043C659450FDAB60AF8E53310231CD /* Build configuration list for PBXNativeTarget "Aquarius" */;
			buildPhases = (
				F3AC267C2FC25B3B2852B704119757F4 /* Sources */,
				05579C2D81A3587A6E45A6392E3F22F2 /* Frameworks */,
				A51D782BC418F39506A95C594D3F5F38 /* Resources */,
			);
			buildRules = (
			);
			dependencies = (
			);
			name = Aquarius;
			packageProductDependencies = (
				63CAEE962687912D00B591FC /* Yams */,
			);
			productName = Aquarius;
			productReference = 76FDD4A88025B24028ED287D3FEEB6C6 /* Aquarius.app */;
			productType = "com.apple.product-type.application";
		};
/* End PBXNativeTarget section */

/* Begin PBXProject section */
		8C84C64F51A474B430371EBB424733EA /* Project object */ = {
			isa = PBXProject;
			attributes = {
				LastSwiftUpdateCheck = 1250;
				LastUpgradeCheck = 1250;
				TargetAttributes = {
					164AB9769D8B58F1CABB8AEF460795A4 = {
						CreatedOnToolsVersion = 12.5.1;
					};
				};
			};
			buildConfigurationList = FB460C3EB8088CB3CFC218DA6E2AE508 /* Build configuration list for PBXProject "Aquarius" */;
			compatibilityVersion = "Xcode 9.3";
			developmentRegion = en;
			hasScannedForEncodings = 0;
			knownRegions = (
				en,
				Base,
				"zh-Hans",
			);
			mainGroup = 64FA1B486146871F0E1B12C6BDAF0396;
			packageReferences = (
				63CAEE952687912D00B591FC /* XCRemoteSwiftPackageReference "Yams" */,
			);
			productRefGroup = 16744D63F7E16E203AAF3279BAD7522E /* Products */;
			projectDirPath = "";
			projectRoot = "";
			targets = (
				164AB9769D8B58F1CABB8AEF460795A4 /* Aquarius */,
			);
		};
/* End PBXProject section */

/* Begin PBXResourcesBuildPhase section */
		A51D782BC418F39506A95C594D3F5F38 /* Resources */ = {
			isa = PBXResourcesBuildPhase;
			buildActionMask = 2147483647;
			files = (
				ED58AADC737AEC8D050204ED3C92F574 /* Assets.xcassets in Resources */,
				BC1432A2F5B750724277FEA55A7584FE /* InfoPlist.strings in Resources */,
				4157C7731C58A6DBEC6E297BABD16916 /* Localizable.strings in Resources */,
				39962FCF98FA7BC30152C2675FEFB72F /* Podfile.lock in Resources */,
				AC23EF05D5D5AF0384D9C8B8A90AFC82 /* Preview Assets.xcassets in Resources */,
				CCEB7621F1C69343F428A1A24A84920E /* README.md in Resources */,
				2E5171C21EFAA76463F7149B2BB75DEC /* README_CN.md in Resources */,
			);
			runOnlyForDeploymentPostprocessing = 0;
		};
/* End PBXResourcesBuildPhase section */

/* Begin PBXSourcesBuildPhase section */
		F3AC267C2FC25B3B2852B704119757F4 /* Sources */ = {
			isa = PBXSourcesBuildPhase;
			buildActionMask = 2147483647;
			files = (
				57FF59E520D2F91CC1A1EA4B8A9FD7C9 /* ActivityIndicator.swift in Sources */,
				33CDFC27ACD4BC44840A03E3BCCC65F0 /* Aquarius.xcdatamodeld in Sources */,
				DAA5B90916B09DE920A0A86F4D7A2038 /* AquariusApp.swift in Sources */,
				FB789A5733C629F01F04500ABCCAF139 /* BookmarkTool.swift in Sources */,
				487B7FFEEA1FFE8ED27DBEFB3DD0770E /* ContentView.swift in Sources */,
				5DEC76215533E29B44EBC36094BF030C /* DataReader.swift in Sources */,
				0A0F7690AC51BC77E9793F1B23A6B228 /* DetailMode.swift in Sources */,
				F23B1952203382974FD321CEB8223D5D /* Details.swift in Sources */,
				63CAEE99268792D000B591FC /* Settings.swift in Sources */,
				63CAEE9B26879AD200B591FC /* Lock+.swift in Sources */,
				A07C42832854033533B8C1F03355AE41 /* GlobalState.swift in Sources */,
				DB252DFFDE947E64DD6A17C0908D761E /* Pasteboard.swift in Sources */,
				B269E18FC95069954A5531B323BA5AA1 /* Persistence.swift in Sources */,
				504F3B0CAEE38CE5FCE068E780833F3A /* Pod.swift in Sources */,
				46B4872964F3C2FAD610231489467006 /* PodfileLock.swift in Sources */,
				A0A4801B4905C485302DFE8CB9CCD9E3 /* PodfileLockFile.swift in Sources */,
				56FEAE54F56086581F732068BEB0EFB0 /* SearchBar.swift in Sources */,
				9240FA031878B34789D7F3D60C6B29D4 /* SpecRepo.swift in Sources */,
				7BE5BDE8F0081678CA584DCD5494EACE /* TreeContent.swift in Sources */,
				5BC68D3D806C8809408939B8E14E5282 /* TreeControl.swift in Sources */,
				D26B6DBD95EDDC523104E744D6D99971 /* TreeData.swift in Sources */,
				C9451A1E3596AFCFCDA0367772B6D809 /* TreeNode.swift in Sources */,
				56AB7DDB9A897AF0BF5AA17C216A63A0 /* SignleDataTreeView.swift in Sources */,
			);
			runOnlyForDeploymentPostprocessing = 0;
		};
/* End PBXSourcesBuildPhase section */

/* Begin PBXVariantGroup section */
		1BDD59FE72D025A9A8BF7AD38A49E966 /* Localizable.strings */ = {
			isa = PBXVariantGroup;
			children = (
				215DC8C15AD85BA1AA52C0266C2EC2CD /* en */,
				1DC0806032C8DA738AB6244B36925B6B /* zh-Hans */,
			);
			name = Localizable.strings;
			sourceTree = "<group>";
		};
		8B2091AB78F75C814B023B37F630A96B /* InfoPlist.strings */ = {
			isa = PBXVariantGroup;
			children = (
				AE38D383545BEC5B26368AC0DECC9018 /* en */,
				FAD0A3AD11C59A16287704459E15F084 /* zh-Hans */,
			);
			name = InfoPlist.strings;
			sourceTree = "<group>";
		};
/* End PBXVariantGroup section */

/* Begin XCBuildConfiguration section */
		0A6A4AB1DD1BF86BEA84B7410ED2D1F0 /* Debug */ = {
			isa = XCBuildConfiguration;
			buildSettings = {
				ALWAYS_SEARCH_USER_PATHS = NO;
				CLANG_ANALYZER_NONNULL = YES;
				CLANG_ANALYZER_NUMBER_OBJECT_CONVERSION = YES_AGGRESSIVE;
				CLANG_CXX_LANGUAGE_STANDARD = "gnu++14";
				CLANG_CXX_LIBRARY = "libc++";
				CLANG_ENABLE_MODULES = YES;
				CLANG_ENABLE_OBJC_ARC = YES;
				CLANG_ENABLE_OBJC_WEAK = YES;
				CLANG_WARN_BLOCK_CAPTURE_AUTORELEASING = YES;
				CLANG_WARN_BOOL_CONVERSION = YES;
				CLANG_WARN_COMMA = YES;
				CLANG_WARN_CONSTANT_CONVERSION = YES;
				CLANG_WARN_DEPRECATED_OBJC_IMPLEMENTATIONS = YES;
				CLANG_WARN_DIRECT_OBJC_ISA_USAGE = YES_ERROR;
				CLANG_WARN_DOCUMENTATION_COMMENTS = YES;
				CLANG_WARN_EMPTY_BODY = YES;
				CLANG_WARN_ENUM_CONVERSION = YES;
				CLANG_WARN_INFINITE_RECURSION = YES;
				CLANG_WARN_INT_CONVERSION = YES;
				CLANG_WARN_NON_LITERAL_NULL_CONVERSION = YES;
				CLANG_WARN_OBJC_IMPLICIT_RETAIN_SELF = YES;
				CLANG_WARN_OBJC_LITERAL_CONVERSION = YES;
				CLANG_WARN_OBJC_ROOT_CLASS = YES_ERROR;
				CLANG_WARN_QUOTED_INCLUDE_IN_FRAMEWORK_HEADER = YES;
				CLANG_WARN_RANGE_LOOP_ANALYSIS = YES;
				CLANG_WARN_STRICT_PROTOTYPES = YES;
				CLANG_WARN_SUSPICIOUS_MOVE = YES;
				CLANG_WARN_UNGUARDED_AVAILABILITY = YES_AGGRESSIVE;
				CLANG_WARN_UNREACHABLE_CODE = YES;
				CLANG_WARN__DUPLICATE_METHOD_MATCH = YES;
				COPY_PHASE_STRIP = NO;
				DEBUG_INFORMATION_FORMAT = dwarf;
				ENABLE_STRICT_OBJC_MSGSEND = YES;
				ENABLE_TESTABILITY = YES;
				GCC_C_LANGUAGE_STANDARD = gnu11;
				GCC_DYNAMIC_NO_PIC = NO;
				GCC_NO_COMMON_BLOCKS = YES;
				GCC_OPTIMIZATION_LEVEL = 0;
				GCC_PREPROCESSOR_DEFINITIONS = (
					"DEBUG=1",
					"$(inherited)",
				);
				GCC_WARN_64_TO_32_BIT_CONVERSION = YES;
				GCC_WARN_ABOUT_RETURN_TYPE = YES_ERROR;
				GCC_WARN_UNDECLARED_SELECTOR = YES;
				GCC_WARN_UNINITIALIZED_AUTOS = YES_AGGRESSIVE;
				GCC_WARN_UNUSED_FUNCTION = YES;
				GCC_WARN_UNUSED_VARIABLE = YES;
				MACOSX_DEPLOYMENT_TARGET = 11.3;
				MTL_ENABLE_DEBUG_INFO = INCLUDE_SOURCE;
				MTL_FAST_MATH = YES;
				ONLY_ACTIVE_ARCH = YES;
				SDKROOT = macosx;
				SWIFT_ACTIVE_COMPILATION_CONDITIONS = DEBUG;
				SWIFT_OPTIMIZATION_LEVEL = "-Onone";
			};
			name = Debug;
		};
		60A0EBDF47BA5D1F82EA6419F9226BCA /* Release */ = {
			isa = XCBuildConfiguration;
			buildSettings = {
				ALWAYS_SEARCH_USER_PATHS = NO;
				CLANG_ANALYZER_NONNULL = YES;
				CLANG_ANALYZER_NUMBER_OBJECT_CONVERSION = YES_AGGRESSIVE;
				CLANG_CXX_LANGUAGE_STANDARD = "gnu++14";
				CLANG_CXX_LIBRARY = "libc++";
				CLANG_ENABLE_MODULES = YES;
				CLANG_ENABLE_OBJC_ARC = YES;
				CLANG_ENABLE_OBJC_WEAK = YES;
				CLANG_WARN_BLOCK_CAPTURE_AUTORELEASING = YES;
				CLANG_WARN_BOOL_CONVERSION = YES;
				CLANG_WARN_COMMA = YES;
				CLANG_WARN_CONSTANT_CONVERSION = YES;
				CLANG_WARN_DEPRECATED_OBJC_IMPLEMENTATIONS = YES;
				CLANG_WARN_DIRECT_OBJC_ISA_USAGE = YES_ERROR;
				CLANG_WARN_DOCUMENTATION_COMMENTS = YES;
				CLANG_WARN_EMPTY_BODY = YES;
				CLANG_WARN_ENUM_CONVERSION = YES;
				CLANG_WARN_INFINITE_RECURSION = YES;
				CLANG_WARN_INT_CONVERSION = YES;
				CLANG_WARN_NON_LITERAL_NULL_CONVERSION = YES;
				CLANG_WARN_OBJC_IMPLICIT_RETAIN_SELF = YES;
				CLANG_WARN_OBJC_LITERAL_CONVERSION = YES;
				CLANG_WARN_OBJC_ROOT_CLASS = YES_ERROR;
				CLANG_WARN_QUOTED_INCLUDE_IN_FRAMEWORK_HEADER = YES;
				CLANG_WARN_RANGE_LOOP_ANALYSIS = YES;
				CLANG_WARN_STRICT_PROTOTYPES = YES;
				CLANG_WARN_SUSPICIOUS_MOVE = YES;
				CLANG_WARN_UNGUARDED_AVAILABILITY = YES_AGGRESSIVE;
				CLANG_WARN_UNREACHABLE_CODE = YES;
				CLANG_WARN__DUPLICATE_METHOD_MATCH = YES;
				COPY_PHASE_STRIP = NO;
				DEBUG_INFORMATION_FORMAT = "dwarf-with-dsym";
				ENABLE_NS_ASSERTIONS = NO;
				ENABLE_STRICT_OBJC_MSGSEND = YES;
				GCC_C_LANGUAGE_STANDARD = gnu11;
				GCC_NO_COMMON_BLOCKS = YES;
				GCC_WARN_64_TO_32_BIT_CONVERSION = YES;
				GCC_WARN_ABOUT_RETURN_TYPE = YES_ERROR;
				GCC_WARN_UNDECLARED_SELECTOR = YES;
				GCC_WARN_UNINITIALIZED_AUTOS = YES_AGGRESSIVE;
				GCC_WARN_UNUSED_FUNCTION = YES;
				GCC_WARN_UNUSED_VARIABLE = YES;
				MACOSX_DEPLOYMENT_TARGET = 11.3;
				MTL_ENABLE_DEBUG_INFO = NO;
				MTL_FAST_MATH = YES;
				SDKROOT = macosx;
				SWIFT_COMPILATION_MODE = wholemodule;
				SWIFT_OPTIMIZATION_LEVEL = "-O";
			};
			name = Release;
		};
		80D5A2C06758D670F359CCC462A9C260 /* Debug */ = {
			isa = XCBuildConfiguration;
			buildSettings = {
				ASSETCATALOG_COMPILER_APPICON_NAME = AppIcon;
				ASSETCATALOG_COMPILER_GLOBAL_ACCENT_COLOR_NAME = AccentColor;
				CODE_SIGN_ENTITLEMENTS = Aquarius/Aquarius.entitlements;
				CODE_SIGN_IDENTITY = "-";
				CODE_SIGN_STYLE = Automatic;
				COMBINE_HIDPI_IMAGES = YES;
				DEVELOPMENT_ASSET_PATHS = "\"Aquarius/Preview Content\"";
				DEVELOPMENT_TEAM = HV88ACAAR6;
				ENABLE_HARDENED_RUNTIME = YES;
				ENABLE_PREVIEWS = YES;
				INFOPLIST_FILE = Aquarius/Info.plist;
				LD_RUNPATH_SEARCH_PATHS = (
					"$(inherited)",
					"@executable_path/../Frameworks",
				);
				MACOSX_DEPLOYMENT_TARGET = 11.0;
				MARKETING_VERSION = 2.1.2;
				PRODUCT_BUNDLE_IDENTIFIER = com.kongkaikai.aquarius;
				PRODUCT_NAME = "$(TARGET_NAME)";
				SWIFT_VERSION = 5.0;
			};
			name = Debug;
		};
		8242B17AE82FF80A459C1696D081F49C /* Release */ = {
			isa = XCBuildConfiguration;
			buildSettings = {
				ASSETCATALOG_COMPILER_APPICON_NAME = AppIcon;
				ASSETCATALOG_COMPILER_GLOBAL_ACCENT_COLOR_NAME = AccentColor;
				CODE_SIGN_ENTITLEMENTS = Aquarius/Aquarius.entitlements;
				CODE_SIGN_IDENTITY = "-";
				CODE_SIGN_STYLE = Automatic;
				COMBINE_HIDPI_IMAGES = YES;
				DEVELOPMENT_ASSET_PATHS = "\"Aquarius/Preview Content\"";
				DEVELOPMENT_TEAM = HV88ACAAR6;
				ENABLE_HARDENED_RUNTIME = YES;
				ENABLE_PREVIEWS = YES;
				INFOPLIST_FILE = Aquarius/Info.plist;
				LD_RUNPATH_SEARCH_PATHS = (
					"$(inherited)",
					"@executable_path/../Frameworks",
				);
				MACOSX_DEPLOYMENT_TARGET = 11.0;
				MARKETING_VERSION = 2.1.2;
				PRODUCT_BUNDLE_IDENTIFIER = com.kongkaikai.aquarius;
				PRODUCT_NAME = "$(TARGET_NAME)";
				SWIFT_VERSION = 5.0;
			};
			name = Release;
		};
/* End XCBuildConfiguration section */

/* Begin XCConfigurationList section */
		25043C659450FDAB60AF8E53310231CD /* Build configuration list for PBXNativeTarget "Aquarius" */ = {
			isa = XCConfigurationList;
			buildConfigurations = (
				80D5A2C06758D670F359CCC462A9C260 /* Debug */,
				8242B17AE82FF80A459C1696D081F49C /* Release */,
			);
			defaultConfigurationIsVisible = 0;
			defaultConfigurationName = Release;
		};
		FB460C3EB8088CB3CFC218DA6E2AE508 /* Build configuration list for PBXProject "Aquarius" */ = {
			isa = XCConfigurationList;
			buildConfigurations = (
				0A6A4AB1DD1BF86BEA84B7410ED2D1F0 /* Debug */,
				60A0EBDF47BA5D1F82EA6419F9226BCA /* Release */,
			);
			defaultConfigurationIsVisible = 0;
			defaultConfigurationName = Release;
		};
/* End XCConfigurationList section */

/* Begin XCRemoteSwiftPackageReference section */
		63CAEE952687912D00B591FC /* XCRemoteSwiftPackageReference "Yams" */ = {
			isa = XCRemoteSwiftPackageReference;
			repositoryURL = "https://github.com/jpsim/Yams.git";
			requirement = {
				kind = upToNextMajorVersion;
				minimumVersion = 4.0.6;
			};
		};
/* End XCRemoteSwiftPackageReference section */

/* Begin XCSwiftPackageProductDependency section */
		63CAEE962687912D00B591FC /* Yams */ = {
			isa = XCSwiftPackageProductDependency;
			package = 63CAEE952687912D00B591FC /* XCRemoteSwiftPackageReference "Yams" */;
			productName = Yams;
		};
/* End XCSwiftPackageProductDependency section */

/* Begin XCVersionGroup section */
		02FA363A9E65F76535E065C4CCB348E6 /* Aquarius.xcdatamodeld */ = {
			isa = XCVersionGroup;
			children = (
				7D0624704A59CF188D297C16EB6E9EA6 /* Aquarius.xcdatamodel */,
			);
			currentVersion = 7D0624704A59CF188D297C16EB6E9EA6 /* Aquarius.xcdatamodel */;
			name = Aquarius.xcdatamodeld;
			path = ../../Aquarius.xcdatamodeld;
			sourceTree = "<group>";
			versionGroupType = wrapper.xcdatamodel;
		};
/* End XCVersionGroup section */
	};
	rootObject = 8C84C64F51A474B430371EBB424733EA /* Project object */;
}
