{
  "object": {
    "pins": [
      {
        "package": "Yams",
        "repositoryURL": "https://github.com/jpsim/Yams.git",
        "state": {
          "branch": null,
          "revision": "88caa2e6fffdbef2e91c2022d038576062042907",
          "version": "4.0.0"
        }
      }
    ]
  },
  "version": 1
}
